// !$*UTF8*$!
{
	archiveVersion = 1;
	classes = {
	};
	objectVersion = 46;
	objects = {

/* Begin PBXBuildFile section */
		63A2167D1A532F8A00E65A09 /* Astronaut.swift in Sources */ = {isa = PBXBuildFile; fileRef = 63A2167C1A532F8A00E65A09 /* Astronaut.swift */; };
		63A2167F1A5330BE00E65A09 /* AstronautList.swift in Sources */ = {isa = PBXBuildFile; fileRef = 63A2167E1A5330BE00E65A09 /* AstronautList.swift */; };
		63A216811A533E5000E65A09 /* NetworkHelper.swift in Sources */ = {isa = PBXBuildFile; fileRef = 63A216801A533E5000E65A09 /* NetworkHelper.swift */; };
		63B93F7A1A5ED3EA0097354A /* HomeViewController.swift in Sources */ = {isa = PBXBuildFile; fileRef = 63B93F791A5ED3EA0097354A /* HomeViewController.swift */; };
		63B93F7C1A5ED41C0097354A /* AstronautViewController.swift in Sources */ = {isa = PBXBuildFile; fileRef = 63B93F7B1A5ED41C0097354A /* AstronautViewController.swift */; };
		63B93F7E1A5ED4550097354A /* AatronautDetailViewController.swift in Sources */ = {isa = PBXBuildFile; fileRef = 63B93F7D1A5ED4550097354A /* AatronautDetailViewController.swift */; };
		63B93F801A5EFED90097354A /* CoreLocation.framework in Frameworks */ = {isa = PBXBuildFile; fileRef = 63B93F7F1A5EFED90097354A /* CoreLocation.framework */; };
		63B93F841A5F4CA80097354A /* AppLoader.swift in Sources */ = {isa = PBXBuildFile; fileRef = 63B93F831A5F4CA80097354A /* AppLoader.swift */; };
		63C609871A4B3B44004432F3 /* AppDelegate.swift in Sources */ = {isa = PBXBuildFile; fileRef = 63C609861A4B3B44004432F3 /* AppDelegate.swift */; };
		63C6098A1A4B3B44004432F3 /* WhoisInSpace.xcdatamodeld in Sources */ = {isa = PBXBuildFile; fileRef = 63C609881A4B3B44004432F3 /* WhoisInSpace.xcdatamodeld */; };
		63C6098F1A4B3B44004432F3 /* Main.storyboard in Resources */ = {isa = PBXBuildFile; fileRef = 63C6098D1A4B3B44004432F3 /* Main.storyboard */; };
		63C609911A4B3B44004432F3 /* Images.xcassets in Resources */ = {isa = PBXBuildFile; fileRef = 63C609901A4B3B44004432F3 /* Images.xcassets */; };
		63C609941A4B3B44004432F3 /* LaunchScreen.xib in Resources */ = {isa = PBXBuildFile; fileRef = 63C609921A4B3B44004432F3 /* LaunchScreen.xib */; };
		63C609A01A4B3B45004432F3 /* WhoisInSpaceTests.swift in Sources */ = {isa = PBXBuildFile; fileRef = 63C6099F1A4B3B45004432F3 /* WhoisInSpaceTests.swift */; };
		63FD30C11A54609600B00150 /* WhoIsInSpaceAPI.swift in Sources */ = {isa = PBXBuildFile; fileRef = 63FD30C01A54609600B00150 /* WhoIsInSpaceAPI.swift */; };
/* End PBXBuildFile section */

/* Begin PBXContainerItemProxy section */
		63C6099A1A4B3B44004432F3 /* PBXContainerItemProxy */ = {
			isa = PBXContainerItemProxy;
			containerPortal = 63C609791A4B3B44004432F3 /* Project object */;
			proxyType = 1;
			remoteGlobalIDString = 63C609801A4B3B44004432F3;
			remoteInfo = WhoisInSpace;
		};
/* End PBXContainerItemProxy section */

/* Begin PBXFileReference section */
		63A2167C1A532F8A00E65A09 /* Astronaut.swift */ = {isa = PBXFileReference; fileEncoding = 4; lastKnownFileType = sourcecode.swift; path = Astronaut.swift; sourceTree = "<group>"; };
		63A2167E1A5330BE00E65A09 /* AstronautList.swift */ = {isa = PBXFileReference; fileEncoding = 4; lastKnownFileType = sourcecode.swift; path = AstronautList.swift; sourceTree = "<group>"; };
		63A216801A533E5000E65A09 /* NetworkHelper.swift */ = {isa = PBXFileReference; fileEncoding = 4; lastKnownFileType = sourcecode.swift; path = NetworkHelper.swift; sourceTree = "<group>"; };
		63B93F791A5ED3EA0097354A /* HomeViewController.swift */ = {isa = PBXFileReference; fileEncoding = 4; lastKnownFileType = sourcecode.swift; path = HomeViewController.swift; sourceTree = "<group>"; };
		63B93F7B1A5ED41C0097354A /* AstronautViewController.swift */ = {isa = PBXFileReference; fileEncoding = 4; lastKnownFileType = sourcecode.swift; path = AstronautViewController.swift; sourceTree = "<group>"; };
		63B93F7D1A5ED4550097354A /* AatronautDetailViewController.swift */ = {isa = PBXFileReference; fileEncoding = 4; lastKnownFileType = sourcecode.swift; path = AatronautDetailViewController.swift; sourceTree = "<group>"; };
		63B93F7F1A5EFED90097354A /* CoreLocation.framework */ = {isa = PBXFileReference; lastKnownFileType = wrapper.framework; name = CoreLocation.framework; path = System/Library/Frameworks/CoreLocation.framework; sourceTree = SDKROOT; };
		63B93F831A5F4CA80097354A /* AppLoader.swift */ = {isa = PBXFileReference; fileEncoding = 4; lastKnownFileType = sourcecode.swift; path = AppLoader.swift; sourceTree = "<group>"; };
		63C609811A4B3B44004432F3 /* WhoisInSpace.app */ = {isa = PBXFileReference; explicitFileType = wrapper.application; includeInIndex = 0; path = WhoisInSpace.app; sourceTree = BUILT_PRODUCTS_DIR; };
		63C609851A4B3B44004432F3 /* Info.plist */ = {isa = PBXFileReference; lastKnownFileType = text.plist.xml; path = Info.plist; sourceTree = "<group>"; };
		63C609861A4B3B44004432F3 /* AppDelegate.swift */ = {isa = PBXFileReference; lastKnownFileType = sourcecode.swift; path = AppDelegate.swift; sourceTree = "<group>"; };
		63C609891A4B3B44004432F3 /* WhoisInSpace.xcdatamodel */ = {isa = PBXFileReference; lastKnownFileType = wrapper.xcdatamodel; path = WhoisInSpace.xcdatamodel; sourceTree = "<group>"; };
		63C6098E1A4B3B44004432F3 /* Base */ = {isa = PBXFileReference; lastKnownFileType = file.storyboard; name = Base; path = Base.lproj/Main.storyboard; sourceTree = "<group>"; };
		63C609901A4B3B44004432F3 /* Images.xcassets */ = {isa = PBXFileReference; lastKnownFileType = folder.assetcatalog; path = Images.xcassets; sourceTree = "<group>"; };
		63C609931A4B3B44004432F3 /* Base */ = {isa = PBXFileReference; lastKnownFileType = file.xib; name = Base; path = Base.lproj/LaunchScreen.xib; sourceTree = "<group>"; };
		63C609991A4B3B44004432F3 /* WhoisInSpaceTests.xctest */ = {isa = PBXFileReference; explicitFileType = wrapper.cfbundle; includeInIndex = 0; path = WhoisInSpaceTests.xctest; sourceTree = BUILT_PRODUCTS_DIR; };
		63C6099E1A4B3B45004432F3 /* Info.plist */ = {isa = PBXFileReference; lastKnownFileType = text.plist.xml; path = Info.plist; sourceTree = "<group>"; };
		63C6099F1A4B3B45004432F3 /* WhoisInSpaceTests.swift */ = {isa = PBXFileReference; lastKnownFileType = sourcecode.swift; path = WhoisInSpaceTests.swift; sourceTree = "<group>"; };
		63FD30C01A54609600B00150 /* WhoIsInSpaceAPI.swift */ = {isa = PBXFileReference; fileEncoding = 4; lastKnownFileType = sourcecode.swift; path = WhoIsInSpaceAPI.swift; sourceTree = "<group>"; };
/* End PBXFileReference section */

/* Begin PBXFrameworksBuildPhase section */
		63C6097E1A4B3B44004432F3 /* Frameworks */ = {
			isa = PBXFrameworksBuildPhase;
			buildActionMask = 2147483647;
			files = (
				63B93F801A5EFED90097354A /* CoreLocation.framework in Frameworks */,
			);
			runOnlyForDeploymentPostprocessing = 0;
		};
		63C609961A4B3B44004432F3 /* Frameworks */ = {
			isa = PBXFrameworksBuildPhase;
			buildActionMask = 2147483647;
			files = (
			);
			runOnlyForDeploymentPostprocessing = 0;
		};
/* End PBXFrameworksBuildPhase section */

/* Begin PBXGroup section */
		63C609781A4B3B44004432F3 = {
			isa = PBXGroup;
			children = (
				63B93F7F1A5EFED90097354A /* CoreLocation.framework */,
				63C609831A4B3B44004432F3 /* WhoisInSpace */,
				63C6099C1A4B3B45004432F3 /* WhoisInSpaceTests */,
				63C609821A4B3B44004432F3 /* Products */,
			);
			sourceTree = "<group>";
		};
		63C609821A4B3B44004432F3 /* Products */ = {
			isa = PBXGroup;
			children = (
				63C609811A4B3B44004432F3 /* WhoisInSpace.app */,
				63C609991A4B3B44004432F3 /* WhoisInSpaceTests.xctest */,
			);
			name = Products;
			sourceTree = "<group>";
		};
		63C609831A4B3B44004432F3 /* WhoisInSpace */ = {
			isa = PBXGroup;
			children = (
				63FD30C31A5460A600B00150 /* API */,
				63FD30C61A5460C100B00150 /* Controller */,
				63FD30C51A5460BB00B00150 /* View */,
				63FD30C41A5460B200B00150 /* Model */,
				63C609861A4B3B44004432F3 /* AppDelegate.swift */,
				63C609901A4B3B44004432F3 /* Images.xcassets */,
				63C609921A4B3B44004432F3 /* LaunchScreen.xib */,
				63C609881A4B3B44004432F3 /* WhoisInSpace.xcdatamodeld */,
				63C609841A4B3B44004432F3 /* Supporting Files */,
			);
			path = WhoisInSpace;
			sourceTree = "<group>";
		};
		63C609841A4B3B44004432F3 /* Supporting Files */ = {
			isa = PBXGroup;
			children = (
				63C609851A4B3B44004432F3 /* Info.plist */,
			);
			name = "Supporting Files";
			sourceTree = "<group>";
		};
		63C6099C1A4B3B45004432F3 /* WhoisInSpaceTests */ = {
			isa = PBXGroup;
			children = (
				63C6099F1A4B3B45004432F3 /* WhoisInSpaceTests.swift */,
				63C6099D1A4B3B45004432F3 /* Supporting Files */,
			);
			path = WhoisInSpaceTests;
			sourceTree = "<group>";
		};
		63C6099D1A4B3B45004432F3 /* Supporting Files */ = {
			isa = PBXGroup;
			children = (
				63C6099E1A4B3B45004432F3 /* Info.plist */,
			);
			name = "Supporting Files";
			sourceTree = "<group>";
		};
		63FD30C31A5460A600B00150 /* API */ = {
			isa = PBXGroup;
			children = (
				63FD30C01A54609600B00150 /* WhoIsInSpaceAPI.swift */,
				63A216801A533E5000E65A09 /* NetworkHelper.swift */,
			);
			name = API;
			sourceTree = "<group>";
		};
		63FD30C41A5460B200B00150 /* Model */ = {
			isa = PBXGroup;
			children = (
				63A2167C1A532F8A00E65A09 /* Astronaut.swift */,
				63A2167E1A5330BE00E65A09 /* AstronautList.swift */,
			);
			name = Model;
			sourceTree = "<group>";
		};
		63FD30C51A5460BB00B00150 /* View */ = {
			isa = PBXGroup;
			children = (
				63C6098D1A4B3B44004432F3 /* Main.storyboard */,
			);
			name = View;
			sourceTree = "<group>";
		};
		63FD30C61A5460C100B00150 /* Controller */ = {
			isa = PBXGroup;
			children = (
				63B93F791A5ED3EA0097354A /* HomeViewController.swift */,
				63B93F7B1A5ED41C0097354A /* AstronautViewController.swift */,
				63B93F7D1A5ED4550097354A /* AatronautDetailViewController.swift */,
				63B93F831A5F4CA80097354A /* AppLoader.swift */,
			);
			name = Controller;
			sourceTree = "<group>";
		};
/* End PBXGroup section */

/* Begin PBXNativeTarget section */
		63C609801A4B3B44004432F3 /* WhoisInSpace */ = {
			isa = PBXNativeTarget;
			buildConfigurationList = 63C609A31A4B3B45004432F3 /* Build configuration list for PBXNativeTarget "WhoisInSpace" */;
			buildPhases = (
				63C6097D1A4B3B44004432F3 /* Sources */,
				63C6097E1A4B3B44004432F3 /* Frameworks */,
				63C6097F1A4B3B44004432F3 /* Resources */,
			);
			buildRules = (
			);
			dependencies = (
			);
			name = WhoisInSpace;
			productName = WhoisInSpace;
			productReference = 63C609811A4B3B44004432F3 /* WhoisInSpace.app */;
			productType = "com.apple.product-type.application";
		};
		63C609981A4B3B44004432F3 /* WhoisInSpaceTests */ = {
			isa = PBXNativeTarget;
			buildConfigurationList = 63C609A61A4B3B45004432F3 /* Build configuration list for PBXNativeTarget "WhoisInSpaceTests" */;
			buildPhases = (
				63C609951A4B3B44004432F3 /* Sources */,
				63C609961A4B3B44004432F3 /* Frameworks */,
				63C609971A4B3B44004432F3 /* Resources */,
			);
			buildRules = (
			);
			dependencies = (
				63C6099B1A4B3B44004432F3 /* PBXTargetDependency */,
			);
			name = WhoisInSpaceTests;
			productName = WhoisInSpaceTests;
			productReference = 63C609991A4B3B44004432F3 /* WhoisInSpaceTests.xctest */;
			productType = "com.apple.product-type.bundle.unit-test";
		};
/* End PBXNativeTarget section */

/* Begin PBXProject section */
		63C609791A4B3B44004432F3 /* Project object */ = {
			isa = PBXProject;
			attributes = {
				LastUpgradeCheck = 0610;
				ORGANIZATIONNAME = "David Fry";
				TargetAttributes = {
					63C609801A4B3B44004432F3 = {
						CreatedOnToolsVersion = 6.1.1;
					};
					63C609981A4B3B44004432F3 = {
						CreatedOnToolsVersion = 6.1.1;
						TestTargetID = 63C609801A4B3B44004432F3;
					};
				};
			};
			buildConfigurationList = 63C6097C1A4B3B44004432F3 /* Build configuration list for PBXProject "WhoisInSpace" */;
			compatibilityVersion = "Xcode 3.2";
			developmentRegion = English;
			hasScannedForEncodings = 0;
			knownRegions = (
				en,
				Base,
			);
			mainGroup = 63C609781A4B3B44004432F3;
			productRefGroup = 63C609821A4B3B44004432F3 /* Products */;
			projectDirPath = "";
			projectRoot = "";
			targets = (
				63C609801A4B3B44004432F3 /* WhoisInSpace */,
				63C609981A4B3B44004432F3 /* WhoisInSpaceTests */,
			);
		};
/* End PBXProject section */

/* Begin PBXResourcesBuildPhase section */
		63C6097F1A4B3B44004432F3 /* Resources */ = {
			isa = PBXResourcesBuildPhase;
			buildActionMask = 2147483647;
			files = (
				63C6098F1A4B3B44004432F3 /* Main.storyboard in Resources */,
				63C609941A4B3B44004432F3 /* LaunchScreen.xib in Resources */,
				63C609911A4B3B44004432F3 /* Images.xcassets in Resources */,
			);
			runOnlyForDeploymentPostprocessing = 0;
		};
		63C609971A4B3B44004432F3 /* Resources */ = {
			isa = PBXResourcesBuildPhase;
			buildActionMask = 2147483647;
			files = (
			);
			runOnlyForDeploymentPostprocessing = 0;
		};
/* End PBXResourcesBuildPhase section */

/* Begin PBXSourcesBuildPhase section */
		63C6097D1A4B3B44004432F3 /* Sources */ = {
			isa = PBXSourcesBuildPhase;
			buildActionMask = 2147483647;
			files = (
				63C6098A1A4B3B44004432F3 /* WhoisInSpace.xcdatamodeld in Sources */,
				63C609871A4B3B44004432F3 /* AppDelegate.swift in Sources */,
				63B93F7C1A5ED41C0097354A /* AstronautViewController.swift in Sources */,
				63B93F7A1A5ED3EA0097354A /* HomeViewController.swift in Sources */,
				63B93F841A5F4CA80097354A /* AppLoader.swift in Sources */,
				63A2167D1A532F8A00E65A09 /* Astronaut.swift in Sources */,
				63A216811A533E5000E65A09 /* NetworkHelper.swift in Sources */,
				63FD30C11A54609600B00150 /* WhoIsInSpaceAPI.swift in Sources */,
				63A2167F1A5330BE00E65A09 /* AstronautList.swift in Sources */,
				63B93F7E1A5ED4550097354A /* AatronautDetailViewController.swift in Sources */,
			);
			runOnlyForDeploymentPostprocessing = 0;
		};
		63C609951A4B3B44004432F3 /* Sources */ = {
			isa = PBXSourcesBuildPhase;
			buildActionMask = 2147483647;
			files = (
				63C609A01A4B3B45004432F3 /* WhoisInSpaceTests.swift in Sources */,
			);
			runOnlyForDeploymentPostprocessing = 0;
		};
/* End PBXSourcesBuildPhase section */

/* Begin PBXTargetDependency section */
		63C6099B1A4B3B44004432F3 /* PBXTargetDependency */ = {
			isa = PBXTargetDependency;
			target = 63C609801A4B3B44004432F3 /* WhoisInSpace */;
			targetProxy = 63C6099A1A4B3B44004432F3 /* PBXContainerItemProxy */;
		};
/* End PBXTargetDependency section */

/* Begin PBXVariantGroup section */
		63C6098D1A4B3B44004432F3 /* Main.storyboard */ = {
			isa = PBXVariantGroup;
			children = (
				63C6098E1A4B3B44004432F3 /* Base */,
			);
			name = Main.storyboard;
			sourceTree = "<group>";
		};
		63C609921A4B3B44004432F3 /* LaunchScreen.xib */ = {
			isa = PBXVariantGroup;
			children = (
				63C609931A4B3B44004432F3 /* Base */,
			);
			name = LaunchScreen.xib;
			sourceTree = "<group>";
		};
/* End PBXVariantGroup section */

/* Begin XCBuildConfiguration section */
		63C609A11A4B3B45004432F3 /* Debug */ = {
			isa = XCBuildConfiguration;
			buildSettings = {
				ALWAYS_SEARCH_USER_PATHS = NO;
				CLANG_CXX_LANGUAGE_STANDARD = "gnu++0x";
				CLANG_CXX_LIBRARY = "libc++";
				CLANG_ENABLE_MODULES = YES;
				CLANG_ENABLE_OBJC_ARC = YES;
				CLANG_WARN_BOOL_CONVERSION = YES;
				CLANG_WARN_CONSTANT_CONVERSION = YES;
				CLANG_WARN_DIRECT_OBJC_ISA_USAGE = YES_ERROR;
				CLANG_WARN_EMPTY_BODY = YES;
				CLANG_WARN_ENUM_CONVERSION = YES;
				CLANG_WARN_INT_CONVERSION = YES;
				CLANG_WARN_OBJC_ROOT_CLASS = YES_ERROR;
				CLANG_WARN_UNREACHABLE_CODE = YES;
				CLANG_WARN__DUPLICATE_METHOD_MATCH = YES;
				"CODE_SIGN_IDENTITY[sdk=iphoneos*]" = "iPhone Developer";
				COPY_PHASE_STRIP = NO;
				ENABLE_STRICT_OBJC_MSGSEND = YES;
				GCC_C_LANGUAGE_STANDARD = gnu99;
				GCC_DYNAMIC_NO_PIC = NO;
				GCC_OPTIMIZATION_LEVEL = 0;
				GCC_PREPROCESSOR_DEFINITIONS = (
					"DEBUG=1",
					"$(inherited)",
				);
				GCC_SYMBOLS_PRIVATE_EXTERN = NO;
				GCC_WARN_64_TO_32_BIT_CONVERSION = YES;
				GCC_WARN_ABOUT_RETURN_TYPE = YES_ERROR;
				GCC_WARN_UNDECLARED_SELECTOR = YES;
				GCC_WARN_UNINITIALIZED_AUTOS = YES_AGGRESSIVE;
				GCC_WARN_UNUSED_FUNCTION = YES;
				GCC_WARN_UNUSED_VARIABLE = YES;
				IPHONEOS_DEPLOYMENT_TARGET = 8.1;
				MTL_ENABLE_DEBUG_INFO = YES;
				ONLY_ACTIVE_ARCH = YES;
				SDKROOT = iphoneos;
				SWIFT_OPTIMIZATION_LEVEL = "-Onone";
				TARGETED_DEVICE_FAMILY = "1,2";
			};
			name = Debug;
		};
		63C609A21A4B3B45004432F3 /* Release */ = {
			isa = XCBuildConfiguration;
			buildSettings = {
				ALWAYS_SEARCH_USER_PATHS = NO;
				CLANG_CXX_LANGUAGE_STANDARD = "gnu++0x";
				CLANG_CXX_LIBRARY = "libc++";
				CLANG_ENABLE_MODULES = YES;
				CLANG_ENABLE_OBJC_ARC = YES;
				CLANG_WARN_BOOL_CONVERSION = YES;
				CLANG_WARN_CONSTANT_CONVERSION = YES;
				CLANG_WARN_DIRECT_OBJC_ISA_USAGE = YES_ERROR;
				CLANG_WARN_EMPTY_BODY = YES;
				CLANG_WARN_ENUM_CONVERSION = YES;
				CLANG_WARN_INT_CONVERSION = YES;
				CLANG_WARN_OBJC_ROOT_CLASS = YES_ERROR;
				CLANG_WARN_UNREACHABLE_CODE = YES;
				CLANG_WARN__DUPLICATE_METHOD_MATCH = YES;
				"CODE_SIGN_IDENTITY[sdk=iphoneos*]" = "iPhone Developer";
				COPY_PHASE_STRIP = YES;
				ENABLE_NS_ASSERTIONS = NO;
				ENABLE_STRICT_OBJC_MSGSEND = YES;
				GCC_C_LANGUAGE_STANDARD = gnu99;
				GCC_WARN_64_TO_32_BIT_CONVERSION = YES;
				GCC_WARN_ABOUT_RETURN_TYPE = YES_ERROR;
				GCC_WARN_UNDECLARED_SELECTOR = YES;
				GCC_WARN_UNINITIALIZED_AUTOS = YES_AGGRESSIVE;
				GCC_WARN_UNUSED_FUNCTION = YES;
				GCC_WARN_UNUSED_VARIABLE = YES;
				IPHONEOS_DEPLOYMENT_TARGET = 8.1;
				MTL_ENABLE_DEBUG_INFO = NO;
				SDKROOT = iphoneos;
				TARGETED_DEVICE_FAMILY = "1,2";
				VALIDATE_PRODUCT = YES;
			};
			name = Release;
		};
		63C609A41A4B3B45004432F3 /* Debug */ = {
			isa = XCBuildConfiguration;
			buildSettings = {
				ASSETCATALOG_COMPILER_APPICON_NAME = AppIcon;
				INFOPLIST_FILE = WhoisInSpace/Info.plist;
				LD_RUNPATH_SEARCH_PATHS = "$(inherited) @executable_path/Frameworks";
				PRODUCT_NAME = "$(TARGET_NAME)";
			};
			name = Debug;
		};
		63C609A51A4B3B45004432F3 /* Release */ = {
			isa = XCBuildConfiguration;
			buildSettings = {
				ASSETCATALOG_COMPILER_APPICON_NAME = AppIcon;
				INFOPLIST_FILE = WhoisInSpace/Info.plist;
				LD_RUNPATH_SEARCH_PATHS = "$(inherited) @executable_path/Frameworks";
				PRODUCT_NAME = "$(TARGET_NAME)";
			};
			name = Release;
		};
		63C609A71A4B3B45004432F3 /* Debug */ = {
			isa = XCBuildConfiguration;
			buildSettings = {
				BUNDLE_LOADER = "$(TEST_HOST)";
				FRAMEWORK_SEARCH_PATHS = (
					"$(SDKROOT)/Developer/Library/Frameworks",
					"$(inherited)",
				);
				GCC_PREPROCESSOR_DEFINITIONS = (
					"DEBUG=1",
					"$(inherited)",
				);
				INFOPLIST_FILE = WhoisInSpaceTests/Info.plist;
				LD_RUNPATH_SEARCH_PATHS = "$(inherited) @executable_path/Frameworks @loader_path/Frameworks";
				PRODUCT_NAME = "$(TARGET_NAME)";
				TEST_HOST = "$(BUILT_PRODUCTS_DIR)/WhoisInSpace.app/WhoisInSpace";
			};
			name = Debug;
		};
		63C609A81A4B3B45004432F3 /* Release */ = {
			isa = XCBuildConfiguration;
			buildSettings = {
				BUNDLE_LOADER = "$(TEST_HOST)";
				FRAMEWORK_SEARCH_PATHS = (
					"$(SDKROOT)/Developer/Library/Frameworks",
					"$(inherited)",
				);
				INFOPLIST_FILE = WhoisInSpaceTests/Info.plist;
				LD_RUNPATH_SEARCH_PATHS = "$(inherited) @executable_path/Frameworks @loader_path/Frameworks";
				PRODUCT_NAME = "$(TARGET_NAME)";
				TEST_HOST = "$(BUILT_PRODUCTS_DIR)/WhoisInSpace.app/WhoisInSpace";
			};
			name = Release;
		};
/* End XCBuildConfiguration section */

/* Begin XCConfigurationList section */
		63C6097C1A4B3B44004432F3 /* Build configuration list for PBXProject "WhoisInSpace" */ = {
			isa = XCConfigurationList;
			buildConfigurations = (
				63C609A11A4B3B45004432F3 /* Debug */,
				63C609A21A4B3B45004432F3 /* Release */,
			);
			defaultConfigurationIsVisible = 0;
			defaultConfigurationName = Release;
		};
		63C609A31A4B3B45004432F3 /* Build configuration list for PBXNativeTarget "WhoisInSpace" */ = {
			isa = XCConfigurationList;
			buildConfigurations = (
				63C609A41A4B3B45004432F3 /* Debug */,
				63C609A51A4B3B45004432F3 /* Release */,
			);
			defaultConfigurationIsVisible = 0;
			defaultConfigurationName = Release;
		};
		63C609A61A4B3B45004432F3 /* Build configuration list for PBXNativeTarget "WhoisInSpaceTests" */ = {
			isa = XCConfigurationList;
			buildConfigurations = (
				63C609A71A4B3B45004432F3 /* Debug */,
				63C609A81A4B3B45004432F3 /* Release */,
			);
			defaultConfigurationIsVisible = 0;
			defaultConfigurationName = Release;
		};
/* End XCConfigurationList section */

/* Begin XCVersionGroup section */
		63C609881A4B3B44004432F3 /* WhoisInSpace.xcdatamodeld */ = {
			isa = XCVersionGroup;
			children = (
				63C609891A4B3B44004432F3 /* WhoisInSpace.xcdatamodel */,
			);
			currentVersion = 63C609891A4B3B44004432F3 /* WhoisInSpace.xcdatamodel */;
			path = WhoisInSpace.xcdatamodeld;
			sourceTree = "<group>";
			versionGroupType = wrapper.xcdatamodel;
		};
/* End XCVersionGroup section */
	};
	rootObject = 63C609791A4B3B44004432F3 /* Project object */;
}
